// !$*UTF8*$!
{
	archiveVersion = 1;
	classes = {
	};
	objectVersion = 48;
	objects = {

/* Begin PBXBuildFile section */
		512454B31FC28C79002CB1A6 /* AAAVC.m in Sources */ = {isa = PBXBuildFile; fileRef = 512454B11FC28C79002CB1A6 /* AAAVC.m */; };
		512454B41FC28C79002CB1A6 /* AAAVC.xib in Resources */ = {isa = PBXBuildFile; fileRef = 512454B21FC28C79002CB1A6 /* AAAVC.xib */; };
		51ACC4811FC272FC004176F4 /* AppDelegate.m in Sources */ = {isa = PBXBuildFile; fileRef = 51ACC4801FC272FC004176F4 /* AppDelegate.m */; };
		51ACC4841FC272FC004176F4 /* ViewController.m in Sources */ = {isa = PBXBuildFile; fileRef = 51ACC4831FC272FC004176F4 /* ViewController.m */; };
		51ACC4871FC272FC004176F4 /* Main.storyboard in Resources */ = {isa = PBXBuildFile; fileRef = 51ACC4851FC272FC004176F4 /* Main.storyboard */; };
		51ACC4891FC272FC004176F4 /* Assets.xcassets in Resources */ = {isa = PBXBuildFile; fileRef = 51ACC4881FC272FC004176F4 /* Assets.xcassets */; };
		51ACC48C1FC272FC004176F4 /* LaunchScreen.storyboard in Resources */ = {isa = PBXBuildFile; fileRef = 51ACC48A1FC272FC004176F4 /* LaunchScreen.storyboard */; };
		51ACC48F1FC272FC004176F4 /* main.m in Sources */ = {isa = PBXBuildFile; fileRef = 51ACC48E1FC272FC004176F4 /* main.m */; };
/* End PBXBuildFile section */

/* Begin PBXFileReference section */
		512454B01FC28C79002CB1A6 /* AAAVC.h */ = {isa = PBXFileReference; lastKnownFileType = sourcecode.c.h; path = AAAVC.h; sourceTree = "<group>"; };
		512454B11FC28C79002CB1A6 /* AAAVC.m */ = {isa = PBXFileReference; lastKnownFileType = sourcecode.c.objc; path = AAAVC.m; sourceTree = "<group>"; };
		512454B21FC28C79002CB1A6 /* AAAVC.xib */ = {isa = PBXFileReference; lastKnownFileType = file.xib; path = AAAVC.xib; sourceTree = "<group>"; };
		51ACC47C1FC272FC004176F4 /* UTLPHPODS.app */ = {isa = PBXFileReference; explicitFileType = wrapper.application; includeInIndex = 0; path = UTLPHPODS.app; sourceTree = BUILT_PRODUCTS_DIR; };
		51ACC47F1FC272FC004176F4 /* AppDelegate.h */ = {isa = PBXFileReference; lastKnownFileType = sourcecode.c.h; path = AppDelegate.h; sourceTree = "<group>"; };
		51ACC4801FC272FC004176F4 /* AppDelegate.m */ = {isa = PBXFileReference; lastKnownFileType = sourcecode.c.objc; path = AppDelegate.m; sourceTree = "<group>"; };
		51ACC4821FC272FC004176F4 /* ViewController.h */ = {isa = PBXFileReference; lastKnownFileType = sourcecode.c.h; path = ViewController.h; sourceTree = "<group>"; };
		51ACC4831FC272FC004176F4 /* ViewController.m */ = {isa = PBXFileReference; lastKnownFileType = sourcecode.c.objc; path = ViewController.m; sourceTree = "<group>"; };
		51ACC4861FC272FC004176F4 /* Base */ = {isa = PBXFileReference; lastKnownFileType = file.storyboard; name = Base; path = Base.lproj/Main.storyboard; sourceTree = "<group>"; };
		51ACC4881FC272FC004176F4 /* Assets.xcassets */ = {isa = PBXFileReference; lastKnownFileType = folder.assetcatalog; path = Assets.xcassets; sourceTree = "<group>"; };
		51ACC48B1FC272FC004176F4 /* Base */ = {isa = PBXFileReference; lastKnownFileType = file.storyboard; name = Base; path = Base.lproj/LaunchScreen.storyboard; sourceTree = "<group>"; };
		51ACC48D1FC272FC004176F4 /* Info.plist */ = {isa = PBXFileReference; lastKnownFileType = text.plist.xml; path = Info.plist; sourceTree = "<group>"; };
		51ACC48E1FC272FC004176F4 /* main.m */ = {isa = PBXFileReference; lastKnownFileType = sourcecode.c.objc; path = main.m; sourceTree = "<group>"; };
/* End PBXFileReference section */

/* Begin PBXFrameworksBuildPhase section */
		51ACC4791FC272FC004176F4 /* Frameworks */ = {
			isa = PBXFrameworksBuildPhase;
			buildActionMask = 2147483647;
			files = (
			);
			runOnlyForDeploymentPostprocessing = 0;
		};
/* End PBXFrameworksBuildPhase section */

/* Begin PBXGroup section */
		512454AF1FC28C3D002CB1A6 /* AAA */ = {
			isa = PBXGroup;
			children = (
				512454B01FC28C79002CB1A6 /* AAAVC.h */,
				512454B11FC28C79002CB1A6 /* AAAVC.m */,
				512454B21FC28C79002CB1A6 /* AAAVC.xib */,
			);
			path = AAA;
			sourceTree = "<group>";
		};
		51ACC4731FC272FC004176F4 = {
			isa = PBXGroup;
			children = (
				51ACC47E1FC272FC004176F4 /* UTLPHPODS */,
				51ACC47D1FC272FC004176F4 /* Products */,
			);
			sourceTree = "<group>";
		};
		51ACC47D1FC272FC004176F4 /* Products */ = {
			isa = PBXGroup;
			children = (
				51ACC47C1FC272FC004176F4 /* UTLPHPODS.app */,
			);
			name = Products;
			sourceTree = "<group>";
		};
		51ACC47E1FC272FC004176F4 /* UTLPHPODS */ = {
			isa = PBXGroup;
			children = (
				512454AF1FC28C3D002CB1A6 /* AAA */,
				51ACC47F1FC272FC004176F4 /* AppDelegate.h */,
				51ACC4801FC272FC004176F4 /* AppDelegate.m */,
				51ACC4821FC272FC004176F4 /* ViewController.h */,
				51ACC4831FC272FC004176F4 /* ViewController.m */,
				51ACC4851FC272FC004176F4 /* Main.storyboard */,
				51ACC4881FC272FC004176F4 /* Assets.xcassets */,
				51ACC48A1FC272FC004176F4 /* LaunchScreen.storyboard */,
				51ACC48D1FC272FC004176F4 /* Info.plist */,
				51ACC48E1FC272FC004176F4 /* main.m */,
			);
			path = UTLPHPODS;
			sourceTree = "<group>";
		};
/* End PBXGroup section */

/* Begin PBXNativeTarget section */
		51ACC47B1FC272FC004176F4 /* UTLPHPODS */ = {
			isa = PBXNativeTarget;
			buildConfigurationList = 51ACC4921FC272FC004176F4 /* Build configuration list for PBXNativeTarget "UTLPHPODS" */;
			buildPhases = (
				51ACC4781FC272FC004176F4 /* Sources */,
				51ACC4791FC272FC004176F4 /* Frameworks */,
				51ACC47A1FC272FC004176F4 /* Resources */,
			);
			buildRules = (
			);
			dependencies = (
			);
			name = UTLPHPODS;
			productName = UTLPHPODS;
			productReference = 51ACC47C1FC272FC004176F4 /* UTLPHPODS.app */;
			productType = "com.apple.product-type.application";
		};
/* End PBXNativeTarget section */

/* Begin PBXProject section */
		51ACC4741FC272FC004176F4 /* Project object */ = {
			isa = PBXProject;
			attributes = {
				LastUpgradeCheck = 0920;
				ORGANIZATIONNAME = lupeihan;
				TargetAttributes = {
					51ACC47B1FC272FC004176F4 = {
						CreatedOnToolsVersion = 9.2;
						ProvisioningStyle = Automatic;
					};
				};
			};
			buildConfigurationList = 51ACC4771FC272FC004176F4 /* Build configuration list for PBXProject "UTLPHPODS" */;
			compatibilityVersion = "Xcode 8.0";
			developmentRegion = en;
			hasScannedForEncodings = 0;
			knownRegions = (
				en,
				Base,
			);
			mainGroup = 51ACC4731FC272FC004176F4;
			productRefGroup = 51ACC47D1FC272FC004176F4 /* Products */;
			projectDirPath = "";
			projectRoot = "";
			targets = (
				51ACC47B1FC272FC004176F4 /* UTLPHPODS */,
			);
		};
/* End PBXProject section */

/* Begin PBXResourcesBuildPhase section */
		51ACC47A1FC272FC004176F4 /* Resources */ = {
			isa = PBXResourcesBuildPhase;
			buildActionMask = 2147483647;
			files = (
				51ACC48C1FC272FC004176F4 /* LaunchScreen.storyboard in Resources */,
				51ACC4891FC272FC004176F4 /* Assets.xcassets in Resources */,
				512454B41FC28C79002CB1A6 /* AAAVC.xib in Resources */,
				51ACC4871FC272FC004176F4 /* Main.storyboard in Resources */,
			);
			runOnlyForDeploymentPostprocessing = 0;
		};
/* End PBXResourcesBuildPhase section */

/* Begin PBXSourcesBuildPhase section */
		51ACC4781FC272FC004176F4 /* Sources */ = {
			isa = PBXSourcesBuildPhase;
			buildActionMask = 2147483647;
			files = (
				51ACC4841FC272FC004176F4 /* ViewController.m in Sources */,
				51ACC48F1FC272FC004176F4 /* main.m in Sources */,
				512454B31FC28C79002CB1A6 /* AAAVC.m in Sources */,
				51ACC4811FC272FC004176F4 /* AppDelegate.m in Sources */,
			);
			runOnlyForDeploymentPostprocessing = 0;
		};
/* End PBXSourcesBuildPhase section */

/* Begin PBXVariantGroup section */
		51ACC4851FC272FC004176F4 /* Main.storyboard */ = {
			isa = PBXVariantGroup;
			children = (
				51ACC4861FC272FC004176F4 /* Base */,
			);
			name = Main.storyboard;
			sourceTree = "<group>";
		};
		51ACC48A1FC272FC004176F4 /* LaunchScreen.storyboard */ = {
			isa = PBXVariantGroup;
			children = (
				51ACC48B1FC272FC004176F4 /* Base */,
			);
			name = LaunchScreen.storyboard;
			sourceTree = "<group>";
		};
/* End PBXVariantGroup section */

/* Begin XCBuildConfiguration section */
		51ACC4901FC272FC004176F4 /* Debug */ = {
			isa = XCBuildConfiguration;
			buildSettings = {
				ALWAYS_SEARCH_USER_PATHS = NO;
				CLANG_ANALYZER_NONNULL = YES;
				CLANG_ANALYZER_NUMBER_OBJECT_CONVERSION = YES_AGGRESSIVE;
				CLANG_CXX_LANGUAGE_STANDARD = "gnu++14";
				CLANG_CXX_LIBRARY = "libc++";
				CLANG_ENABLE_MODULES = YES;
				CLANG_ENABLE_OBJC_ARC = YES;
				CLANG_WARN_BLOCK_CAPTURE_AUTORELEASING = YES;
				CLANG_WARN_BOOL_CONVERSION = YES;
				CLANG_WARN_COMMA = YES;
				CLANG_WARN_CONSTANT_CONVERSION = YES;
				CLANG_WARN_DIRECT_OBJC_ISA_USAGE = YES_ERROR;
				CLANG_WARN_DOCUMENTATION_COMMENTS = YES;
				CLANG_WARN_EMPTY_BODY = YES;
				CLANG_WARN_ENUM_CONVERSION = YES;
				CLANG_WARN_INFINITE_RECURSION = YES;
				CLANG_WARN_INT_CONVERSION = YES;
				CLANG_WARN_NON_LITERAL_NULL_CONVERSION = YES;
				CLANG_WARN_OBJC_LITERAL_CONVERSION = YES;
				CLANG_WARN_OBJC_ROOT_CLASS = YES_ERROR;
				CLANG_WARN_RANGE_LOOP_ANALYSIS = YES;
				CLANG_WARN_STRICT_PROTOTYPES = YES;
				CLANG_WARN_SUSPICIOUS_MOVE = YES;
				CLANG_WARN_UNGUARDED_AVAILABILITY = YES_AGGRESSIVE;
				CLANG_WARN_UNREACHABLE_CODE = YES;
				CLANG_WARN__DUPLICATE_METHOD_MATCH = YES;
				CODE_SIGN_IDENTITY = "iPhone Developer";
				COPY_PHASE_STRIP = NO;
				DEBUG_INFORMATION_FORMAT = dwarf;
				ENABLE_STRICT_OBJC_MSGSEND = YES;
				ENABLE_TESTABILITY = YES;
				GCC_C_LANGUAGE_STANDARD = gnu11;
				GCC_DYNAMIC_NO_PIC = NO;
				GCC_NO_COMMON_BLOCKS = YES;
				GCC_OPTIMIZATION_LEVEL = 0;
				GCC_PREPROCESSOR_DEFINITIONS = (
					"DEBUG=1",
					"$(inherited)",
				);
				GCC_WARN_64_TO_32_BIT_CONVERSION = YES;
				GCC_WARN_ABOUT_RETURN_TYPE = YES_ERROR;
				GCC_WARN_UNDECLARED_SELECTOR = YES;
				GCC_WARN_UNINITIALIZED_AUTOS = YES_AGGRESSIVE;
				GCC_WARN_UNUSED_FUNCTION = YES;
				GCC_WARN_UNUSED_VARIABLE = YES;
				IPHONEOS_DEPLOYMENT_TARGET = 11.2;
				MTL_ENABLE_DEBUG_INFO = YES;
				ONLY_ACTIVE_ARCH = YES;
				SDKROOT = iphoneos;
			};
			name = Debug;
		};
		51ACC4911FC272FC004176F4 /* Release */ = {
			isa = XCBuildConfiguration;
			buildSettings = {
				ALWAYS_SEARCH_USER_PATHS = NO;
				CLANG_ANALYZER_NONNULL = YES;
				CLANG_ANALYZER_NUMBER_OBJECT_CONVERSION = YES_AGGRESSIVE;
				CLANG_CXX_LANGUAGE_STANDARD = "gnu++14";
				CLANG_CXX_LIBRARY = "libc++";
				CLANG_ENABLE_MODULES = YES;
				CLANG_ENABLE_OBJC_ARC = YES;
				CLANG_WARN_BLOCK_CAPTURE_AUTORELEASING = YES;
				CLANG_WARN_BOOL_CONVERSION = YES;
				CLANG_WARN_COMMA = YES;
				CLANG_WARN_CONSTANT_CONVERSION = YES;
				CLANG_WARN_DIRECT_OBJC_ISA_USAGE = YES_ERROR;
				CLANG_WARN_DOCUMENTATION_COMMENTS = YES;
				CLANG_WARN_EMPTY_BODY = YES;
				CLANG_WARN_ENUM_CONVERSION = YES;
				CLANG_WARN_INFINITE_RECURSION = YES;
				CLANG_WARN_INT_CONVERSION = YES;
				CLANG_WARN_NON_LITERAL_NULL_CONVERSION = YES;
				CLANG_WARN_OBJC_LITERAL_CONVERSION = YES;
				CLANG_WARN_OBJC_ROOT_CLASS = YES_ERROR;
				CLANG_WARN_RANGE_LOOP_ANALYSIS = YES;
				CLANG_WARN_STRICT_PROTOTYPES = YES;
				CLANG_WARN_SUSPICIOUS_MOVE = YES;
				CLANG_WARN_UNGUARDED_AVAILABILITY = YES_AGGRESSIVE;
				CLANG_WARN_UNREACHABLE_CODE = YES;
				CLANG_WARN__DUPLICATE_METHOD_MATCH = YES;
				CODE_SIGN_IDENTITY = "iPhone Developer";
				COPY_PHASE_STRIP = NO;
				DEBUG_INFORMATION_FORMAT = "dwarf-with-dsym";
				ENABLE_NS_ASSERTIONS = NO;
				ENABLE_STRICT_OBJC_MSGSEND = YES;
				GCC_C_LANGUAGE_STANDARD = gnu11;
				GCC_NO_COMMON_BLOCKS = YES;
				GCC_WARN_64_TO_32_BIT_CONVERSION = YES;
				GCC_WARN_ABOUT_RETURN_TYPE = YES_ERROR;
				GCC_WARN_UNDECLARED_SELECTOR = YES;
				GCC_WARN_UNINITIALIZED_AUTOS = YES_AGGRESSIVE;
				GCC_WARN_UNUSED_FUNCTION = YES;
				GCC_WARN_UNUSED_VARIABLE = YES;
				IPHONEOS_DEPLOYMENT_TARGET = 11.2;
				MTL_ENABLE_DEBUG_INFO = NO;
				SDKROOT = iphoneos;
				VALIDATE_PRODUCT = YES;
			};
			name = Release;
		};
		51ACC4931FC272FC004176F4 /* Debug */ = {
			isa = XCBuildConfiguration;
			buildSettings = {
				ASSETCATALOG_COMPILER_APPICON_NAME = AppIcon;
				CODE_SIGN_STYLE = Automatic;
				DEVELOPMENT_TEAM = CQNZ85QPJM;
				INFOPLIST_FILE = UTLPHPODS/Info.plist;
				IPHONEOS_DEPLOYMENT_TARGET = 9.0;
				LD_RUNPATH_SEARCH_PATHS = "$(inherited) @executable_path/Frameworks";
				PRODUCT_BUNDLE_IDENTIFIER = ut.com.UTLPHPODS;
				PRODUCT_NAME = "$(TARGET_NAME)";
				TARGETED_DEVICE_FAMILY = "1,2";
			};
			name = Debug;
		};
		51ACC4941FC272FC004176F4 /* Release */ = {
			isa = XCBuildConfiguration;
			buildSettings = {
				ASSETCATALOG_COMPILER_APPICON_NAME = AppIcon;
				CODE_SIGN_STYLE = Automatic;
				DEVELOPMENT_TEAM = CQNZ85QPJM;
				INFOPLIST_FILE = UTLPHPODS/Info.plist;
				IPHONEOS_DEPLOYMENT_TARGET = 9.0;
				LD_RUNPATH_SEARCH_PATHS = "$(inherited) @executable_path/Frameworks";
				PRODUCT_BUNDLE_IDENTIFIER = ut.com.UTLPHPODS;
				PRODUCT_NAME = "$(TARGET_NAME)";
				TARGETED_DEVICE_FAMILY = "1,2";
			};
			name = Release;
		};
/* End XCBuildConfiguration section */

/* Begin XCConfigurationList section */
		51ACC4771FC272FC004176F4 /* Build configuration list for PBXProject "UTLPHPODS" */ = {
			isa = XCConfigurationList;
			buildConfigurations = (
				51ACC4901FC272FC004176F4 /* Debug */,
				51ACC4911FC272FC004176F4 /* Release */,
			);
			defaultConfigurationIsVisible = 0;
			defaultConfigurationName = Release;
		};
		51ACC4921FC272FC004176F4 /* Build configuration list for PBXNativeTarget "UTLPHPODS" */ = {
			isa = XCConfigurationList;
			buildConfigurations = (
				51ACC4931FC272FC004176F4 /* Debug */,
				51ACC4941FC272FC004176F4 /* Release */,
			);
			defaultConfigurationIsVisible = 0;
			defaultConfigurationName = Release;
		};
/* End XCConfigurationList section */
	};
	rootObject = 51ACC4741FC272FC004176F4 /* Project object */;
}
